<Solution>
    <Configurations>
		<Platform Name="x64" />
	</Configurations>
	<Project Path="BetterMinionMountRouletteShared\BetterMinionMountRouletteShared.csproj">
		<Platform Project="x64" />
	</Project>
	<Project Path="BetterMinionRoulette\BetterMinionRoulette.csproj">
		<Platform Project="x64" />
	</Project>
</Solution>